{
  "requires": true,
  "lockfileVersion": 1,
  "dependencies": {
    "@types/node": {
      "version": "16.6.2",
      "resolved": "https://registry.npmjs.org/@types/node/-/node-16.6.2.tgz",
      "integrity": "sha512-LSw8TZt12ZudbpHc6EkIyDM3nHVWKYrAvGy6EAJfNfjusbwnThqjqxUKKRwuV3iWYeW/LYMzNgaq3MaLffQ2xA==",
      "dev": true
    },
    "types-registry": {
      "version": "0.1.625",
      "resolved": "https://registry.npmjs.org/types-registry/-/types-registry-0.1.625.tgz",
      "integrity": "sha512-cW4QCd+EYj+Fx7j7q/DdFpXR+jIN/JcpZFHLtXMjbtVuaq/q32HBB3X3dLUoH9LIvzzv2DUiPSLxczijXrfK0A=="
    }
  }
}
